
Microsoft Visual Studio Solution File, Format Version 12.00
# Visual Studio 15
VisualStudioVersion = 15.0.28307.329
MinimumVisualStudioVersion = 10.0.40219.1
Project("{FAE04EC0-301F-11D3-BF4B-00C04F79EFBC}") = "HotelDBREST", "HotelDBREST\HotelDBREST.csproj", "{1C6238F1-8142-4588-91E1-E46C48FE879A}"
EndProject
Project("{FAE04EC0-301F-11D3-BF4B-00C04F79EFBC}") = "ModelLibrary", "ModelLibrary\ModelLibrary.csproj", "{E26F0A94-43C3-4FCD-9CDF-23F7157BC69C}"
EndProject
Project("{FAE04EC0-301F-11D3-BF4B-00C04F79EFBC}") = "HotelDBRESTTests", "HotelDBRESTTests\HotelDBRESTTests.csproj", "{F79E8AFD-C3E1-4E7F-B024-F803ECC31D67}"
EndProject
Global
	GlobalSection(SolutionConfigurationPlatforms) = preSolution
		Debug|Any CPU = Debug|Any CPU
		Release|Any CPU = Release|Any CPU
	EndGlobalSection
	GlobalSection(ProjectConfigurationPlatforms) = postSolution
		{1C6238F1-8142-4588-91E1-E46C48FE879A}.Debug|Any CPU.ActiveCfg = Debug|Any CPU
		{1C6238F1-8142-4588-91E1-E46C48FE879A}.Debug|Any CPU.Build.0 = Debug|Any CPU
		{1C6238F1-8142-4588-91E1-E46C48FE879A}.Release|Any CPU.ActiveCfg = Release|Any CPU
		{1C6238F1-8142-4588-91E1-E46C48FE879A}.Release|Any CPU.Build.0 = Release|Any CPU
		{E26F0A94-43C3-4FCD-9CDF-23F7157BC69C}.Debug|Any CPU.ActiveCfg = Debug|Any CPU
		{E26F0A94-43C3-4FCD-9CDF-23F7157BC69C}.Debug|Any CPU.Build.0 = Debug|Any CPU
		{E26F0A94-43C3-4FCD-9CDF-23F7157BC69C}.Release|Any CPU.ActiveCfg = Release|Any CPU
		{E26F0A94-43C3-4FCD-9CDF-23F7157BC69C}.Release|Any CPU.Build.0 = Release|Any CPU
		{F79E8AFD-C3E1-4E7F-B024-F803ECC31D67}.Debug|Any CPU.ActiveCfg = Debug|Any CPU
		{F79E8AFD-C3E1-4E7F-B024-F803ECC31D67}.Debug|Any CPU.Build.0 = Debug|Any CPU
		{F79E8AFD-C3E1-4E7F-B024-F803ECC31D67}.Release|Any CPU.ActiveCfg = Release|Any CPU
		{F79E8AFD-C3E1-4E7F-B024-F803ECC31D67}.Release|Any CPU.Build.0 = Release|Any CPU
	EndGlobalSection
	GlobalSection(SolutionProperties) = preSolution
		HideSolutionNode = FALSE
	EndGlobalSection
	GlobalSection(ExtensibilityGlobals) = postSolution
		SolutionGuid = {C762113C-9A7D-4F26-9885-9596F0172CC9}
	EndGlobalSection
EndGlobal
